PODS:
  - NonCoalescingDispatchQueue (0.2.0)

DEPENDENCIES:
  - NonCoalescingDispatchQueue (from `../`)

EXTERNAL SOURCES:
  NonCoalescingDispatchQueue:
    :path: "../"

SPEC CHECKSUMS:
  NonCoalescingDispatchQueue: e3cd61aa8261b06970a39f89577a373896f28db6

PODFILE CHECKSUM: d245502bfb9c3402c16f068d25d56eb3c4523b70

COCOAPODS: 1.6.1
